// !$*UTF8*$!
{
	archiveVersion = 1;
	classes = {
	};
	objectVersion = 48;
	objects = {

/* Begin PBXBuildFile section */
		56598A0F206B727D000A3AE7 /* AppDelegate.swift in Sources */ = {isa = PBXBuildFile; fileRef = 56598A0E206B727D000A3AE7 /* AppDelegate.swift */; };
		56598A11206B727D000A3AE7 /* ViewController.swift in Sources */ = {isa = PBXBuildFile; fileRef = 56598A10206B727D000A3AE7 /* ViewController.swift */; };
		56598A14206B727D000A3AE7 /* Main.storyboard in Resources */ = {isa = PBXBuildFile; fileRef = 56598A12206B727D000A3AE7 /* Main.storyboard */; };
		56598A16206B727D000A3AE7 /* Assets.xcassets in Resources */ = {isa = PBXBuildFile; fileRef = 56598A15206B727D000A3AE7 /* Assets.xcassets */; };
		56598A19206B727D000A3AE7 /* LaunchScreen.storyboard in Resources */ = {isa = PBXBuildFile; fileRef = 56598A17206B727D000A3AE7 /* LaunchScreen.storyboard */; };
		56598A21206B737E000A3AE7 /* SwipingController.swift in Sources */ = {isa = PBXBuildFile; fileRef = 56598A20206B737E000A3AE7 /* SwipingController.swift */; };
		56598A23206B73C9000A3AE7 /* PageCell.swift in Sources */ = {isa = PBXBuildFile; fileRef = 56598A22206B73C8000A3AE7 /* PageCell.swift */; };
		56598A25206B73E7000A3AE7 /* Page.swift in Sources */ = {isa = PBXBuildFile; fileRef = 56598A24206B73E7000A3AE7 /* Page.swift */; };
		56598A27206B73FD000A3AE7 /* SwipingController+extension.swift in Sources */ = {isa = PBXBuildFile; fileRef = 56598A26206B73FD000A3AE7 /* SwipingController+extension.swift */; };
		56598A29206B7413000A3AE7 /* SwipingController+UICollectionView.swift in Sources */ = {isa = PBXBuildFile; fileRef = 56598A28206B7413000A3AE7 /* SwipingController+UICollectionView.swift */; };
/* End PBXBuildFile section */

/* Begin PBXFileReference section */
		56598A0B206B727D000A3AE7 /* autolayout-programatically.app */ = {isa = PBXFileReference; explicitFileType = wrapper.application; includeInIndex = 0; path = "autolayout-programatically.app"; sourceTree = BUILT_PRODUCTS_DIR; };
		56598A0E206B727D000A3AE7 /* AppDelegate.swift */ = {isa = PBXFileReference; lastKnownFileType = sourcecode.swift; path = AppDelegate.swift; sourceTree = "<group>"; };
		56598A10206B727D000A3AE7 /* ViewController.swift */ = {isa = PBXFileReference; lastKnownFileType = sourcecode.swift; path = ViewController.swift; sourceTree = "<group>"; };
		56598A13206B727D000A3AE7 /* Base */ = {isa = PBXFileReference; lastKnownFileType = file.storyboard; name = Base; path = Base.lproj/Main.storyboard; sourceTree = "<group>"; };
		56598A15206B727D000A3AE7 /* Assets.xcassets */ = {isa = PBXFileReference; lastKnownFileType = folder.assetcatalog; path = Assets.xcassets; sourceTree = "<group>"; };
		56598A18206B727D000A3AE7 /* Base */ = {isa = PBXFileReference; lastKnownFileType = file.storyboard; name = Base; path = Base.lproj/LaunchScreen.storyboard; sourceTree = "<group>"; };
		56598A1A206B727D000A3AE7 /* Info.plist */ = {isa = PBXFileReference; lastKnownFileType = text.plist.xml; path = Info.plist; sourceTree = "<group>"; };
		56598A20206B737E000A3AE7 /* SwipingController.swift */ = {isa = PBXFileReference; lastKnownFileType = sourcecode.swift; path = SwipingController.swift; sourceTree = "<group>"; };
		56598A22206B73C8000A3AE7 /* PageCell.swift */ = {isa = PBXFileReference; lastKnownFileType = sourcecode.swift; path = PageCell.swift; sourceTree = "<group>"; };
		56598A24206B73E7000A3AE7 /* Page.swift */ = {isa = PBXFileReference; lastKnownFileType = sourcecode.swift; path = Page.swift; sourceTree = "<group>"; };
		56598A26206B73FD000A3AE7 /* SwipingController+extension.swift */ = {isa = PBXFileReference; lastKnownFileType = sourcecode.swift; path = "SwipingController+extension.swift"; sourceTree = "<group>"; };
		56598A28206B7413000A3AE7 /* SwipingController+UICollectionView.swift */ = {isa = PBXFileReference; lastKnownFileType = sourcecode.swift; path = "SwipingController+UICollectionView.swift"; sourceTree = "<group>"; };
/* End PBXFileReference section */

/* Begin PBXFrameworksBuildPhase section */
		56598A08206B727D000A3AE7 /* Frameworks */ = {
			isa = PBXFrameworksBuildPhase;
			buildActionMask = 2147483647;
			files = (
			);
			runOnlyForDeploymentPostprocessing = 0;
		};
/* End PBXFrameworksBuildPhase section */

/* Begin PBXGroup section */
		56598A02206B727D000A3AE7 = {
			isa = PBXGroup;
			children = (
				56598A0D206B727D000A3AE7 /* autolayout-programatically */,
				56598A0C206B727D000A3AE7 /* Products */,
			);
			sourceTree = "<group>";
		};
		56598A0C206B727D000A3AE7 /* Products */ = {
			isa = PBXGroup;
			children = (
				56598A0B206B727D000A3AE7 /* autolayout-programatically.app */,
			);
			name = Products;
			sourceTree = "<group>";
		};
		56598A0D206B727D000A3AE7 /* autolayout-programatically */ = {
			isa = PBXGroup;
			children = (
				56598A2C206B7486000A3AE7 /* Extensions */,
				56598A2D206B74B8000A3AE7 /* Model */,
				56598A2B206B747B000A3AE7 /* View */,
				56598A2A206B7475000A3AE7 /* Controller */,
				56598A0E206B727D000A3AE7 /* AppDelegate.swift */,
				56598A12206B727D000A3AE7 /* Main.storyboard */,
				56598A15206B727D000A3AE7 /* Assets.xcassets */,
				56598A17206B727D000A3AE7 /* LaunchScreen.storyboard */,
				56598A1A206B727D000A3AE7 /* Info.plist */,
			);
			path = "autolayout-programatically";
			sourceTree = "<group>";
		};
		56598A2A206B7475000A3AE7 /* Controller */ = {
			isa = PBXGroup;
			children = (
				56598A20206B737E000A3AE7 /* SwipingController.swift */,
				56598A10206B727D000A3AE7 /* ViewController.swift */,
			);
			path = Controller;
			sourceTree = "<group>";
		};
		56598A2B206B747B000A3AE7 /* View */ = {
			isa = PBXGroup;
			children = (
				56598A22206B73C8000A3AE7 /* PageCell.swift */,
			);
			path = View;
			sourceTree = "<group>";
		};
		56598A2C206B7486000A3AE7 /* Extensions */ = {
			isa = PBXGroup;
			children = (
				56598A28206B7413000A3AE7 /* SwipingController+UICollectionView.swift */,
				56598A26206B73FD000A3AE7 /* SwipingController+extension.swift */,
			);
			path = Extensions;
			sourceTree = "<group>";
		};
		56598A2D206B74B8000A3AE7 /* Model */ = {
			isa = PBXGroup;
			children = (
				56598A24206B73E7000A3AE7 /* Page.swift */,
			);
			path = Model;
			sourceTree = "<group>";
		};
/* End PBXGroup section */

/* Begin PBXNativeTarget section */
		56598A0A206B727D000A3AE7 /* autolayout-programatically */ = {
			isa = PBXNativeTarget;
			buildConfigurationList = 56598A1D206B727D000A3AE7 /* Build configuration list for PBXNativeTarget "autolayout-programatically" */;
			buildPhases = (
				56598A07206B727D000A3AE7 /* Sources */,
				56598A08206B727D000A3AE7 /* Frameworks */,
				56598A09206B727D000A3AE7 /* Resources */,
			);
			buildRules = (
			);
			dependencies = (
			);
			name = "autolayout-programatically";
			productName = "autolayout-programatically";
			productReference = 56598A0B206B727D000A3AE7 /* autolayout-programatically.app */;
			productType = "com.apple.product-type.application";
		};
/* End PBXNativeTarget section */

/* Begin PBXProject section */
		56598A03206B727D000A3AE7 /* Project object */ = {
			isa = PBXProject;
			attributes = {
				LastSwiftUpdateCheck = 0920;
				LastUpgradeCheck = 0920;
				ORGANIZATIONNAME = "Sergiy Sachuk";
				TargetAttributes = {
					56598A0A206B727D000A3AE7 = {
						CreatedOnToolsVersion = 9.2;
						ProvisioningStyle = Automatic;
					};
				};
			};
			buildConfigurationList = 56598A06206B727D000A3AE7 /* Build configuration list for PBXProject "autolayout-programatically" */;
			compatibilityVersion = "Xcode 8.0";
			developmentRegion = en;
			hasScannedForEncodings = 0;
			knownRegions = (
				en,
				Base,
			);
			mainGroup = 56598A02206B727D000A3AE7;
			productRefGroup = 56598A0C206B727D000A3AE7 /* Products */;
			projectDirPath = "";
			projectRoot = "";
			targets = (
				56598A0A206B727D000A3AE7 /* autolayout-programatically */,
			);
		};
/* End PBXProject section */

/* Begin PBXResourcesBuildPhase section */
		56598A09206B727D000A3AE7 /* Resources */ = {
			isa = PBXResourcesBuildPhase;
			buildActionMask = 2147483647;
			files = (
				56598A19206B727D000A3AE7 /* LaunchScreen.storyboard in Resources */,
				56598A16206B727D000A3AE7 /* Assets.xcassets in Resources */,
				56598A14206B727D000A3AE7 /* Main.storyboard in Resources */,
			);
			runOnlyForDeploymentPostprocessing = 0;
		};
/* End PBXResourcesBuildPhase section */

/* Begin PBXSourcesBuildPhase section */
		56598A07206B727D000A3AE7 /* Sources */ = {
			isa = PBXSourcesBuildPhase;
			buildActionMask = 2147483647;
			files = (
				56598A11206B727D000A3AE7 /* ViewController.swift in Sources */,
				56598A0F206B727D000A3AE7 /* AppDelegate.swift in Sources */,
				56598A23206B73C9000A3AE7 /* PageCell.swift in Sources */,
				56598A29206B7413000A3AE7 /* SwipingController+UICollectionView.swift in Sources */,
				56598A21206B737E000A3AE7 /* SwipingController.swift in Sources */,
				56598A25206B73E7000A3AE7 /* Page.swift in Sources */,
				56598A27206B73FD000A3AE7 /* SwipingController+extension.swift in Sources */,
			);
			runOnlyForDeploymentPostprocessing = 0;
		};
/* End PBXSourcesBuildPhase section */

/* Begin PBXVariantGroup section */
		56598A12206B727D000A3AE7 /* Main.storyboard */ = {
			isa = PBXVariantGroup;
			children = (
				56598A13206B727D000A3AE7 /* Base */,
			);
			name = Main.storyboard;
			sourceTree = "<group>";
		};
		56598A17206B727D000A3AE7 /* LaunchScreen.storyboard */ = {
			isa = PBXVariantGroup;
			children = (
				56598A18206B727D000A3AE7 /* Base */,
			);
			name = LaunchScreen.storyboard;
			sourceTree = "<group>";
		};
/* End PBXVariantGroup section */

/* Begin XCBuildConfiguration section */
		56598A1B206B727D000A3AE7 /* Debug */ = {
			isa = XCBuildConfiguration;
			buildSettings = {
				ALWAYS_SEARCH_USER_PATHS = NO;
				CLANG_ANALYZER_NONNULL = YES;
				CLANG_ANALYZER_NUMBER_OBJECT_CONVERSION = YES_AGGRESSIVE;
				CLANG_CXX_LANGUAGE_STANDARD = "gnu++14";
				CLANG_CXX_LIBRARY = "libc++";
				CLANG_ENABLE_MODULES = YES;
				CLANG_ENABLE_OBJC_ARC = YES;
				CLANG_WARN_BLOCK_CAPTURE_AUTORELEASING = YES;
				CLANG_WARN_BOOL_CONVERSION = YES;
				CLANG_WARN_COMMA = YES;
				CLANG_WARN_CONSTANT_CONVERSION = YES;
				CLANG_WARN_DIRECT_OBJC_ISA_USAGE = YES_ERROR;
				CLANG_WARN_DOCUMENTATION_COMMENTS = YES;
				CLANG_WARN_EMPTY_BODY = YES;
				CLANG_WARN_ENUM_CONVERSION = YES;
				CLANG_WARN_INFINITE_RECURSION = YES;
				CLANG_WARN_INT_CONVERSION = YES;
				CLANG_WARN_NON_LITERAL_NULL_CONVERSION = YES;
				CLANG_WARN_OBJC_LITERAL_CONVERSION = YES;
				CLANG_WARN_OBJC_ROOT_CLASS = YES_ERROR;
				CLANG_WARN_RANGE_LOOP_ANALYSIS = YES;
				CLANG_WARN_STRICT_PROTOTYPES = YES;
				CLANG_WARN_SUSPICIOUS_MOVE = YES;
				CLANG_WARN_UNGUARDED_AVAILABILITY = YES_AGGRESSIVE;
				CLANG_WARN_UNREACHABLE_CODE = YES;
				CLANG_WARN__DUPLICATE_METHOD_MATCH = YES;
				CODE_SIGN_IDENTITY = "iPhone Developer";
				COPY_PHASE_STRIP = NO;
				DEBUG_INFORMATION_FORMAT = dwarf;
				ENABLE_STRICT_OBJC_MSGSEND = YES;
				ENABLE_TESTABILITY = YES;
				GCC_C_LANGUAGE_STANDARD = gnu11;
				GCC_DYNAMIC_NO_PIC = NO;
				GCC_NO_COMMON_BLOCKS = YES;
				GCC_OPTIMIZATION_LEVEL = 0;
				GCC_PREPROCESSOR_DEFINITIONS = (
					"DEBUG=1",
					"$(inherited)",
				);
				GCC_WARN_64_TO_32_BIT_CONVERSION = YES;
				GCC_WARN_ABOUT_RETURN_TYPE = YES_ERROR;
				GCC_WARN_UNDECLARED_SELECTOR = YES;
				GCC_WARN_UNINITIALIZED_AUTOS = YES_AGGRESSIVE;
				GCC_WARN_UNUSED_FUNCTION = YES;
				GCC_WARN_UNUSED_VARIABLE = YES;
				IPHONEOS_DEPLOYMENT_TARGET = 11.2;
				MTL_ENABLE_DEBUG_INFO = YES;
				ONLY_ACTIVE_ARCH = YES;
				SDKROOT = iphoneos;
				SWIFT_ACTIVE_COMPILATION_CONDITIONS = DEBUG;
				SWIFT_OPTIMIZATION_LEVEL = "-Onone";
			};
			name = Debug;
		};
		56598A1C206B727D000A3AE7 /* Release */ = {
			isa = XCBuildConfiguration;
			buildSettings = {
				ALWAYS_SEARCH_USER_PATHS = NO;
				CLANG_ANALYZER_NONNULL = YES;
				CLANG_ANALYZER_NUMBER_OBJECT_CONVERSION = YES_AGGRESSIVE;
				CLANG_CXX_LANGUAGE_STANDARD = "gnu++14";
				CLANG_CXX_LIBRARY = "libc++";
				CLANG_ENABLE_MODULES = YES;
				CLANG_ENABLE_OBJC_ARC = YES;
				CLANG_WARN_BLOCK_CAPTURE_AUTORELEASING = YES;
				CLANG_WARN_BOOL_CONVERSION = YES;
				CLANG_WARN_COMMA = YES;
				CLANG_WARN_CONSTANT_CONVERSION = YES;
				CLANG_WARN_DIRECT_OBJC_ISA_USAGE = YES_ERROR;
				CLANG_WARN_DOCUMENTATION_COMMENTS = YES;
				CLANG_WARN_EMPTY_BODY = YES;
				CLANG_WARN_ENUM_CONVERSION = YES;
				CLANG_WARN_INFINITE_RECURSION = YES;
				CLANG_WARN_INT_CONVERSION = YES;
				CLANG_WARN_NON_LITERAL_NULL_CONVERSION = YES;
				CLANG_WARN_OBJC_LITERAL_CONVERSION = YES;
				CLANG_WARN_OBJC_ROOT_CLASS = YES_ERROR;
				CLANG_WARN_RANGE_LOOP_ANALYSIS = YES;
				CLANG_WARN_STRICT_PROTOTYPES = YES;
				CLANG_WARN_SUSPICIOUS_MOVE = YES;
				CLANG_WARN_UNGUARDED_AVAILABILITY = YES_AGGRESSIVE;
				CLANG_WARN_UNREACHABLE_CODE = YES;
				CLANG_WARN__DUPLICATE_METHOD_MATCH = YES;
				CODE_SIGN_IDENTITY = "iPhone Developer";
				COPY_PHASE_STRIP = NO;
				DEBUG_INFORMATION_FORMAT = "dwarf-with-dsym";
				ENABLE_NS_ASSERTIONS = NO;
				ENABLE_STRICT_OBJC_MSGSEND = YES;
				GCC_C_LANGUAGE_STANDARD = gnu11;
				GCC_NO_COMMON_BLOCKS = YES;
				GCC_WARN_64_TO_32_BIT_CONVERSION = YES;
				GCC_WARN_ABOUT_RETURN_TYPE = YES_ERROR;
				GCC_WARN_UNDECLARED_SELECTOR = YES;
				GCC_WARN_UNINITIALIZED_AUTOS = YES_AGGRESSIVE;
				GCC_WARN_UNUSED_FUNCTION = YES;
				GCC_WARN_UNUSED_VARIABLE = YES;
				IPHONEOS_DEPLOYMENT_TARGET = 11.2;
				MTL_ENABLE_DEBUG_INFO = NO;
				SDKROOT = iphoneos;
				SWIFT_OPTIMIZATION_LEVEL = "-Owholemodule";
				VALIDATE_PRODUCT = YES;
			};
			name = Release;
		};
		56598A1E206B727D000A3AE7 /* Debug */ = {
			isa = XCBuildConfiguration;
			buildSettings = {
				ASSETCATALOG_COMPILER_APPICON_NAME = AppIcon;
				CODE_SIGN_STYLE = Automatic;
				DEVELOPMENT_TEAM = VL3ZN4Q3MB;
				INFOPLIST_FILE = "autolayout-programatically/Info.plist";
				LD_RUNPATH_SEARCH_PATHS = "$(inherited) @executable_path/Frameworks";
				PRODUCT_BUNDLE_IDENTIFIER = "com.reybravin.autolayout-programatically";
				PRODUCT_NAME = "$(TARGET_NAME)";
				SWIFT_VERSION = 4.0;
				TARGETED_DEVICE_FAMILY = "1,2";
			};
			name = Debug;
		};
		56598A1F206B727D000A3AE7 /* Release */ = {
			isa = XCBuildConfiguration;
			buildSettings = {
				ASSETCATALOG_COMPILER_APPICON_NAME = AppIcon;
				CODE_SIGN_STYLE = Automatic;
				DEVELOPMENT_TEAM = VL3ZN4Q3MB;
				INFOPLIST_FILE = "autolayout-programatically/Info.plist";
				LD_RUNPATH_SEARCH_PATHS = "$(inherited) @executable_path/Frameworks";
				PRODUCT_BUNDLE_IDENTIFIER = "com.reybravin.autolayout-programatically";
				PRODUCT_NAME = "$(TARGET_NAME)";
				SWIFT_VERSION = 4.0;
				TARGETED_DEVICE_FAMILY = "1,2";
			};
			name = Release;
		};
/* End XCBuildConfiguration section */

/* Begin XCConfigurationList section */
		56598A06206B727D000A3AE7 /* Build configuration list for PBXProject "autolayout-programatically" */ = {
			isa = XCConfigurationList;
			buildConfigurations = (
				56598A1B206B727D000A3AE7 /* Debug */,
				56598A1C206B727D000A3AE7 /* Release */,
			);
			defaultConfigurationIsVisible = 0;
			defaultConfigurationName = Release;
		};
		56598A1D206B727D000A3AE7 /* Build configuration list for PBXNativeTarget "autolayout-programatically" */ = {
			isa = XCConfigurationList;
			buildConfigurations = (
				56598A1E206B727D000A3AE7 /* Debug */,
				56598A1F206B727D000A3AE7 /* Release */,
			);
			defaultConfigurationIsVisible = 0;
			defaultConfigurationName = Release;
		};
/* End XCConfigurationList section */
	};
	rootObject = 56598A03206B727D000A3AE7 /* Project object */;
}
